// !$*UTF8*$!
{
	archiveVersion = 1;
	classes = {
	};
	objectVersion = 46;
	objects = {

/* Begin PBXBuildFile section */
		6003F58E195388D20070C39A /* Foundation.framework in Frameworks */ = {isa = PBXBuildFile; fileRef = 6003F58D195388D20070C39A /* Foundation.framework */; };
		6003F590195388D20070C39A /* CoreGraphics.framework in Frameworks */ = {isa = PBXBuildFile; fileRef = 6003F58F195388D20070C39A /* CoreGraphics.framework */; };
		6003F592195388D20070C39A /* UIKit.framework in Frameworks */ = {isa = PBXBuildFile; fileRef = 6003F591195388D20070C39A /* UIKit.framework */; };
		6003F598195388D20070C39A /* InfoPlist.strings in Resources */ = {isa = PBXBuildFile; fileRef = 6003F596195388D20070C39A /* InfoPlist.strings */; };
		6003F59A195388D20070C39A /* main.m in Sources */ = {isa = PBXBuildFile; fileRef = 6003F599195388D20070C39A /* main.m */; };
		6003F59E195388D20070C39A /* ZFAppDelegate.m in Sources */ = {isa = PBXBuildFile; fileRef = 6003F59D195388D20070C39A /* ZFAppDelegate.m */; };
		6003F5A9195388D20070C39A /* Images.xcassets in Resources */ = {isa = PBXBuildFile; fileRef = 6003F5A8195388D20070C39A /* Images.xcassets */; };
		71719F9F1E33DC2100824A3D /* LaunchScreen.storyboard in Resources */ = {isa = PBXBuildFile; fileRef = 71719F9D1E33DC2100824A3D /* LaunchScreen.storyboard */; };
		7C8A4795229E8D1A00099032 /* UINavigationController+FDFullscreenPopGesture.m in Sources */ = {isa = PBXBuildFile; fileRef = 7C8A4794229E8D1A00099032 /* UINavigationController+FDFullscreenPopGesture.m */; };
		7C8A47C5229E8D2200099032 /* UIScrollView+MJRefresh.m in Sources */ = {isa = PBXBuildFile; fileRef = 7C8A4797229E8D2200099032 /* UIScrollView+MJRefresh.m */; };
		7C8A47C6229E8D2200099032 /* MJRefreshConst.m in Sources */ = {isa = PBXBuildFile; fileRef = 7C8A4798229E8D2200099032 /* MJRefreshConst.m */; };
		7C8A47C7229E8D2200099032 /* MJRefresh.bundle in Resources */ = {isa = PBXBuildFile; fileRef = 7C8A479C229E8D2200099032 /* MJRefresh.bundle */; };
		7C8A47C8229E8D2200099032 /* UIScrollView+MJExtension.m in Sources */ = {isa = PBXBuildFile; fileRef = 7C8A479E229E8D2200099032 /* UIScrollView+MJExtension.m */; };
		7C8A47C9229E8D2200099032 /* NSBundle+MJRefresh.m in Sources */ = {isa = PBXBuildFile; fileRef = 7C8A47A1229E8D2200099032 /* NSBundle+MJRefresh.m */; };
		7C8A47CA229E8D2200099032 /* UIView+MJExtension.m in Sources */ = {isa = PBXBuildFile; fileRef = 7C8A47A2229E8D2200099032 /* UIView+MJExtension.m */; };
		7C8A47CB229E8D2200099032 /* MJRefreshBackGifFooter.m in Sources */ = {isa = PBXBuildFile; fileRef = 7C8A47A9229E8D2200099032 /* MJRefreshBackGifFooter.m */; };
		7C8A47CC229E8D2200099032 /* MJRefreshBackStateFooter.m in Sources */ = {isa = PBXBuildFile; fileRef = 7C8A47AA229E8D2200099032 /* MJRefreshBackStateFooter.m */; };
		7C8A47CD229E8D2200099032 /* MJRefreshBackNormalFooter.m in Sources */ = {isa = PBXBuildFile; fileRef = 7C8A47AB229E8D2200099032 /* MJRefreshBackNormalFooter.m */; };
		7C8A47CE229E8D2200099032 /* MJRefreshAutoStateFooter.m in Sources */ = {isa = PBXBuildFile; fileRef = 7C8A47B0229E8D2200099032 /* MJRefreshAutoStateFooter.m */; };
		7C8A47CF229E8D2200099032 /* MJRefreshAutoGifFooter.m in Sources */ = {isa = PBXBuildFile; fileRef = 7C8A47B1229E8D2200099032 /* MJRefreshAutoGifFooter.m */; };
		7C8A47D0229E8D2200099032 /* MJRefreshAutoNormalFooter.m in Sources */ = {isa = PBXBuildFile; fileRef = 7C8A47B2229E8D2200099032 /* MJRefreshAutoNormalFooter.m */; };
		7C8A47D1229E8D2200099032 /* MJRefreshNormalHeader.m in Sources */ = {isa = PBXBuildFile; fileRef = 7C8A47B4229E8D2200099032 /* MJRefreshNormalHeader.m */; };
		7C8A47D2229E8D2200099032 /* MJRefreshStateHeader.m in Sources */ = {isa = PBXBuildFile; fileRef = 7C8A47B8229E8D2200099032 /* MJRefreshStateHeader.m */; };
		7C8A47D3229E8D2200099032 /* MJRefreshGifHeader.m in Sources */ = {isa = PBXBuildFile; fileRef = 7C8A47B9229E8D2200099032 /* MJRefreshGifHeader.m */; };
		7C8A47D4229E8D2200099032 /* MJRefreshFooter.m in Sources */ = {isa = PBXBuildFile; fileRef = 7C8A47BB229E8D2200099032 /* MJRefreshFooter.m */; };
		7C8A47D5229E8D2200099032 /* MJRefreshHeader.m in Sources */ = {isa = PBXBuildFile; fileRef = 7C8A47BD229E8D2200099032 /* MJRefreshHeader.m */; };
		7C8A47D6229E8D2200099032 /* MJRefreshBackFooter.m in Sources */ = {isa = PBXBuildFile; fileRef = 7C8A47BF229E8D2200099032 /* MJRefreshBackFooter.m */; };
		7C8A47D7229E8D2200099032 /* MJRefreshAutoFooter.m in Sources */ = {isa = PBXBuildFile; fileRef = 7C8A47C0229E8D2200099032 /* MJRefreshAutoFooter.m */; };
		7C8A47D8229E8D2200099032 /* MJRefreshComponent.m in Sources */ = {isa = PBXBuildFile; fileRef = 7C8A47C2229E8D2200099032 /* MJRefreshComponent.m */; };
		7C8A47DF229E8D7D00099032 /* ZFPlayer.framework in Frameworks */ = {isa = PBXBuildFile; fileRef = 7C8A47DE229E8D5F00099032 /* ZFPlayer.framework */; };
		7C8A47E0229E8D7D00099032 /* ZFPlayer.framework in Embed Frameworks */ = {isa = PBXBuildFile; fileRef = 7C8A47DE229E8D5F00099032 /* ZFPlayer.framework */; settings = {ATTRIBUTES = (CodeSignOnCopy, RemoveHeadersOnCopy, ); }; };
		7CF0180B236842EE0015F335 /* ZFTableViewCellLayout.m in Sources */ = {isa = PBXBuildFile; fileRef = 7CF017B6236842EE0015F335 /* ZFTableViewCellLayout.m */; };
		7CF0180C236842EE0015F335 /* NSString+Size.m in Sources */ = {isa = PBXBuildFile; fileRef = 7CF017B9236842EE0015F335 /* NSString+Size.m */; };
		7CF0180D236842EE0015F335 /* ZFLightTableViewController.m in Sources */ = {isa = PBXBuildFile; fileRef = 7CF017BC236842EE0015F335 /* ZFLightTableViewController.m */; };
		7CF0180E236842EE0015F335 /* ZFPlayerDetailViewController.m in Sources */ = {isa = PBXBuildFile; fileRef = 7CF017BF236842EE0015F335 /* ZFPlayerDetailViewController.m */; };
		7CF0180F236842EE0015F335 /* ZFDouYinViewController.m in Sources */ = {isa = PBXBuildFile; fileRef = 7CF017C0236842EE0015F335 /* ZFDouYinViewController.m */; };
		7CF01810236842EE0015F335 /* ZFSmallPlayViewController.m in Sources */ = {isa = PBXBuildFile; fileRef = 7CF017C2236842EE0015F335 /* ZFSmallPlayViewController.m */; };
		7CF01811236842EE0015F335 /* ZFNotAutoPlayViewController.m in Sources */ = {isa = PBXBuildFile; fileRef = 7CF017C4236842EE0015F335 /* ZFNotAutoPlayViewController.m */; };
		7CF01812236842EE0015F335 /* ZFAutoPlayerViewController.m in Sources */ = {isa = PBXBuildFile; fileRef = 7CF017C6236842EE0015F335 /* ZFAutoPlayerViewController.m */; };
		7CF01813236842EE0015F335 /* ZFTableHeaderViewController.m in Sources */ = {isa = PBXBuildFile; fileRef = 7CF017C7236842EE0015F335 /* ZFTableHeaderViewController.m */; };
		7CF01814236842EE0015F335 /* ZFMixViewController.m in Sources */ = {isa = PBXBuildFile; fileRef = 7CF017CA236842EE0015F335 /* ZFMixViewController.m */; };
		7CF01815236842EE0015F335 /* ZFTableData.m in Sources */ = {isa = PBXBuildFile; fileRef = 7CF017CC236842EE0015F335 /* ZFTableData.m */; };
		7CF01816236842EE0015F335 /* data.json in Resources */ = {isa = PBXBuildFile; fileRef = 7CF017CD236842EE0015F335 /* data.json */; };
		7CF01817236842EE0015F335 /* ZFDouYinCell.m in Sources */ = {isa = PBXBuildFile; fileRef = 7CF017D0236842EE0015F335 /* ZFDouYinCell.m */; };
		7CF01818236842EE0015F335 /* ZFTableViewCell.m in Sources */ = {isa = PBXBuildFile; fileRef = 7CF017D1236842EE0015F335 /* ZFTableViewCell.m */; };
		7CF01819236842EE0015F335 /* ZFOtherCell.m in Sources */ = {isa = PBXBuildFile; fileRef = 7CF017D7236842EE0015F335 /* ZFOtherCell.m */; };
		7CF0181A236842EF0015F335 /* ZFTableHeaderView.m in Sources */ = {isa = PBXBuildFile; fileRef = 7CF017D9236842EE0015F335 /* ZFTableHeaderView.m */; };
		7CF0181B236842EF0015F335 /* ZFADControlView.m in Sources */ = {isa = PBXBuildFile; fileRef = 7CF017DA236842EE0015F335 /* ZFADControlView.m */; };
		7CF0181C236842EF0015F335 /* ZFDouYinControlView.m in Sources */ = {isa = PBXBuildFile; fileRef = 7CF017DB236842EE0015F335 /* ZFDouYinControlView.m */; };
		7CF0181D236842EF0015F335 /* ZFNoramlViewController.m in Sources */ = {isa = PBXBuildFile; fileRef = 7CF017DD236842EE0015F335 /* ZFNoramlViewController.m */; };
		7CF0181E236842EF0015F335 /* ZFHorizontalCollectionViewController.m in Sources */ = {isa = PBXBuildFile; fileRef = 7CF017E2236842EE0015F335 /* ZFHorizontalCollectionViewController.m */; };
		7CF0181F236842EF0015F335 /* ZFCollectionViewController.m in Sources */ = {isa = PBXBuildFile; fileRef = 7CF017E4236842EE0015F335 /* ZFCollectionViewController.m */; };
		7CF01820236842EF0015F335 /* ZFCollectionViewListController.m in Sources */ = {isa = PBXBuildFile; fileRef = 7CF017E6236842EE0015F335 /* ZFCollectionViewListController.m */; };
		7CF01821236842EF0015F335 /* ZFDouyinCollectionViewController.m in Sources */ = {isa = PBXBuildFile; fileRef = 7CF017E7236842EE0015F335 /* ZFDouyinCollectionViewController.m */; };
		7CF01822236842EF0015F335 /* ZFDouyinCollectionViewCell.m in Sources */ = {isa = PBXBuildFile; fileRef = 7CF017EA236842EE0015F335 /* ZFDouyinCollectionViewCell.m */; };
		7CF01823236842EF0015F335 /* ZFCollectionViewCell.m in Sources */ = {isa = PBXBuildFile; fileRef = 7CF017EB236842EE0015F335 /* ZFCollectionViewCell.m */; };
		7CF01824236842EF0015F335 /* ZFViewController.m in Sources */ = {isa = PBXBuildFile; fileRef = 7CF017F1236842EE0015F335 /* ZFViewController.m */; };
		7CF01825236842EF0015F335 /* ZFTableSectionModel.m in Sources */ = {isa = PBXBuildFile; fileRef = 7CF017F2236842EE0015F335 /* ZFTableSectionModel.m */; };
		7CF01826236842EF0015F335 /* ZFFullScreenViewController.m in Sources */ = {isa = PBXBuildFile; fileRef = 7CF017F4236842EE0015F335 /* ZFFullScreenViewController.m */; };
		7CF01827236842EF0015F335 /* ZFADViewController.m in Sources */ = {isa = PBXBuildFile; fileRef = 7CF017F7236842EE0015F335 /* ZFADViewController.m */; };
		7CF01828236842EF0015F335 /* ZFKeyboardViewController.m in Sources */ = {isa = PBXBuildFile; fileRef = 7CF017FB236842EE0015F335 /* ZFKeyboardViewController.m */; };
		7CF01829236842EF0015F335 /* ZFRotationViewController.xib in Resources */ = {isa = PBXBuildFile; fileRef = 7CF017FE236842EE0015F335 /* ZFRotationViewController.xib */; };
		7CF0182A236842EF0015F335 /* ZFRotationViewController.m in Sources */ = {isa = PBXBuildFile; fileRef = 7CF017FF236842EE0015F335 /* ZFRotationViewController.m */; };
		7CF0182B236842EF0015F335 /* ZFScrollViewViewController.m in Sources */ = {isa = PBXBuildFile; fileRef = 7CF01803236842EE0015F335 /* ZFScrollViewViewController.m */; };
		7CF0182C236842EF0015F335 /* ZFCustomControlViewViewController.m in Sources */ = {isa = PBXBuildFile; fileRef = 7CF01807236842EE0015F335 /* ZFCustomControlViewViewController.m */; };
		7CF0182D236842EF0015F335 /* ZFCustomControlView1.m in Sources */ = {isa = PBXBuildFile; fileRef = 7CF01809236842EE0015F335 /* ZFCustomControlView1.m */; };
		873B8AEB1B1F5CCA007FD442 /* Main.storyboard in Resources */ = {isa = PBXBuildFile; fileRef = 873B8AEA1B1F5CCA007FD442 /* Main.storyboard */; };
/* End PBXBuildFile section */

/* Begin PBXContainerItemProxy section */
		7C8A47DD229E8D5F00099032 /* PBXContainerItemProxy */ = {
			isa = PBXContainerItemProxy;
			containerPortal = 7C8A47D9229E8D5F00099032 /* ZFPlayer.xcodeproj */;
			proxyType = 2;
			remoteGlobalIDString = 7C8A4631229E849700099032;
			remoteInfo = ZFPlayer;
		};
		7C8A47E1229E8D7D00099032 /* PBXContainerItemProxy */ = {
			isa = PBXContainerItemProxy;
			containerPortal = 7C8A47D9229E8D5F00099032 /* ZFPlayer.xcodeproj */;
			proxyType = 1;
			remoteGlobalIDString = 7C8A4630229E849700099032;
			remoteInfo = ZFPlayer;
		};
/* End PBXContainerItemProxy section */

/* Begin PBXCopyFilesBuildPhase section */
		7C8A47E3229E8D7D00099032 /* Embed Frameworks */ = {
			isa = PBXCopyFilesBuildPhase;
			buildActionMask = 2147483647;
			dstPath = "";
			dstSubfolderSpec = 10;
			files = (
				7C8A47E0229E8D7D00099032 /* ZFPlayer.framework in Embed Frameworks */,
			);
			name = "Embed Frameworks";
			runOnlyForDeploymentPostprocessing = 0;
		};
/* End PBXCopyFilesBuildPhase section */

/* Begin PBXFileReference section */
		0040F8EE0D7B4F3A7F8AB74C /* LICENSE */ = {isa = PBXFileReference; includeInIndex = 1; lastKnownFileType = text; name = LICENSE; path = ../LICENSE; sourceTree = "<group>"; };
		33764A6C5440702A1511A383 /* Pods_ZFPlayer_Tests.framework */ = {isa = PBXFileReference; explicitFileType = wrapper.framework; includeInIndex = 0; path = Pods_ZFPlayer_Tests.framework; sourceTree = BUILT_PRODUCTS_DIR; };
		359925C5989084AB9F6D488A /* README.md */ = {isa = PBXFileReference; includeInIndex = 1; lastKnownFileType = net.daringfireball.markdown; name = README.md; path = ../README.md; sourceTree = "<group>"; };
		6003F58A195388D20070C39A /* ZFPlayer_Example.app */ = {isa = PBXFileReference; explicitFileType = wrapper.application; includeInIndex = 0; path = ZFPlayer_Example.app; sourceTree = BUILT_PRODUCTS_DIR; };
		6003F58D195388D20070C39A /* Foundation.framework */ = {isa = PBXFileReference; lastKnownFileType = wrapper.framework; name = Foundation.framework; path = System/Library/Frameworks/Foundation.framework; sourceTree = SDKROOT; };
		6003F58F195388D20070C39A /* CoreGraphics.framework */ = {isa = PBXFileReference; lastKnownFileType = wrapper.framework; name = CoreGraphics.framework; path = System/Library/Frameworks/CoreGraphics.framework; sourceTree = SDKROOT; };
		6003F591195388D20070C39A /* UIKit.framework */ = {isa = PBXFileReference; lastKnownFileType = wrapper.framework; name = UIKit.framework; path = System/Library/Frameworks/UIKit.framework; sourceTree = SDKROOT; };
		6003F595195388D20070C39A /* ZFPlayer-Info.plist */ = {isa = PBXFileReference; lastKnownFileType = text.plist.xml; path = "ZFPlayer-Info.plist"; sourceTree = "<group>"; };
		6003F597195388D20070C39A /* en */ = {isa = PBXFileReference; lastKnownFileType = text.plist.strings; name = en; path = en.lproj/InfoPlist.strings; sourceTree = "<group>"; };
		6003F599195388D20070C39A /* main.m */ = {isa = PBXFileReference; lastKnownFileType = sourcecode.c.objc; path = main.m; sourceTree = "<group>"; };
		6003F59B195388D20070C39A /* ZFPlayer-Prefix.pch */ = {isa = PBXFileReference; lastKnownFileType = sourcecode.c.h; path = "ZFPlayer-Prefix.pch"; sourceTree = "<group>"; };
		6003F59C195388D20070C39A /* ZFAppDelegate.h */ = {isa = PBXFileReference; lastKnownFileType = sourcecode.c.h; path = ZFAppDelegate.h; sourceTree = "<group>"; };
		6003F59D195388D20070C39A /* ZFAppDelegate.m */ = {isa = PBXFileReference; lastKnownFileType = sourcecode.c.objc; path = ZFAppDelegate.m; sourceTree = "<group>"; };
		6003F5A8195388D20070C39A /* Images.xcassets */ = {isa = PBXFileReference; lastKnownFileType = folder.assetcatalog; path = Images.xcassets; sourceTree = "<group>"; };
		6003F5AF195388D20070C39A /* XCTest.framework */ = {isa = PBXFileReference; lastKnownFileType = wrapper.framework; name = XCTest.framework; path = Library/Frameworks/XCTest.framework; sourceTree = DEVELOPER_DIR; };
		71719F9E1E33DC2100824A3D /* Base */ = {isa = PBXFileReference; lastKnownFileType = file.storyboard; name = Base; path = Base.lproj/LaunchScreen.storyboard; sourceTree = "<group>"; };
		7C874D8D2F27E9CDA21BC642 /* ZFPlayer.podspec */ = {isa = PBXFileReference; includeInIndex = 1; lastKnownFileType = text; name = ZFPlayer.podspec; path = ../ZFPlayer.podspec; sourceTree = "<group>"; xcLanguageSpecificationIdentifier = xcode.lang.ruby; };
		7C8A4793229E8D1A00099032 /* UINavigationController+FDFullscreenPopGesture.h */ = {isa = PBXFileReference; fileEncoding = 4; lastKnownFileType = sourcecode.c.h; path = "UINavigationController+FDFullscreenPopGesture.h"; sourceTree = "<group>"; };
		7C8A4794229E8D1A00099032 /* UINavigationController+FDFullscreenPopGesture.m */ = {isa = PBXFileReference; fileEncoding = 4; lastKnownFileType = sourcecode.c.objc; path = "UINavigationController+FDFullscreenPopGesture.m"; sourceTree = "<group>"; };
		7C8A4797229E8D2200099032 /* UIScrollView+MJRefresh.m */ = {isa = PBXFileReference; fileEncoding = 4; lastKnownFileType = sourcecode.c.objc; path = "UIScrollView+MJRefresh.m"; sourceTree = "<group>"; };
		7C8A4798229E8D2200099032 /* MJRefreshConst.m */ = {isa = PBXFileReference; fileEncoding = 4; lastKnownFileType = sourcecode.c.objc; path = MJRefreshConst.m; sourceTree = "<group>"; };
		7C8A4799229E8D2200099032 /* UIScrollView+MJExtension.h */ = {isa = PBXFileReference; fileEncoding = 4; lastKnownFileType = sourcecode.c.h; path = "UIScrollView+MJExtension.h"; sourceTree = "<group>"; };
		7C8A479A229E8D2200099032 /* MJRefresh.h */ = {isa = PBXFileReference; fileEncoding = 4; lastKnownFileType = sourcecode.c.h; path = MJRefresh.h; sourceTree = "<group>"; };
		7C8A479B229E8D2200099032 /* NSBundle+MJRefresh.h */ = {isa = PBXFileReference; fileEncoding = 4; lastKnownFileType = sourcecode.c.h; path = "NSBundle+MJRefresh.h"; sourceTree = "<group>"; };
		7C8A479C229E8D2200099032 /* MJRefresh.bundle */ = {isa = PBXFileReference; lastKnownFileType = "wrapper.plug-in"; path = MJRefresh.bundle; sourceTree = "<group>"; };
		7C8A479D229E8D2200099032 /* UIView+MJExtension.h */ = {isa = PBXFileReference; fileEncoding = 4; lastKnownFileType = sourcecode.c.h; path = "UIView+MJExtension.h"; sourceTree = "<group>"; };
		7C8A479E229E8D2200099032 /* UIScrollView+MJExtension.m */ = {isa = PBXFileReference; fileEncoding = 4; lastKnownFileType = sourcecode.c.objc; path = "UIScrollView+MJExtension.m"; sourceTree = "<group>"; };
		7C8A479F229E8D2200099032 /* MJRefreshConst.h */ = {isa = PBXFileReference; fileEncoding = 4; lastKnownFileType = sourcecode.c.h; path = MJRefreshConst.h; sourceTree = "<group>"; };
		7C8A47A0229E8D2200099032 /* UIScrollView+MJRefresh.h */ = {isa = PBXFileReference; fileEncoding = 4; lastKnownFileType = sourcecode.c.h; path = "UIScrollView+MJRefresh.h"; sourceTree = "<group>"; };
		7C8A47A1229E8D2200099032 /* NSBundle+MJRefresh.m */ = {isa = PBXFileReference; fileEncoding = 4; lastKnownFileType = sourcecode.c.objc; path = "NSBundle+MJRefresh.m"; sourceTree = "<group>"; };
		7C8A47A2229E8D2200099032 /* UIView+MJExtension.m */ = {isa = PBXFileReference; fileEncoding = 4; lastKnownFileType = sourcecode.c.objc; path = "UIView+MJExtension.m"; sourceTree = "<group>"; };
		7C8A47A6229E8D2200099032 /* MJRefreshBackGifFooter.h */ = {isa = PBXFileReference; fileEncoding = 4; lastKnownFileType = sourcecode.c.h; path = MJRefreshBackGifFooter.h; sourceTree = "<group>"; };
		7C8A47A7229E8D2200099032 /* MJRefreshBackStateFooter.h */ = {isa = PBXFileReference; fileEncoding = 4; lastKnownFileType = sourcecode.c.h; path = MJRefreshBackStateFooter.h; sourceTree = "<group>"; };
		7C8A47A8229E8D2200099032 /* MJRefreshBackNormalFooter.h */ = {isa = PBXFileReference; fileEncoding = 4; lastKnownFileType = sourcecode.c.h; path = MJRefreshBackNormalFooter.h; sourceTree = "<group>"; };
		7C8A47A9229E8D2200099032 /* MJRefreshBackGifFooter.m */ = {isa = PBXFileReference; fileEncoding = 4; lastKnownFileType = sourcecode.c.objc; path = MJRefreshBackGifFooter.m; sourceTree = "<group>"; };
		7C8A47AA229E8D2200099032 /* MJRefreshBackStateFooter.m */ = {isa = PBXFileReference; fileEncoding = 4; lastKnownFileType = sourcecode.c.objc; path = MJRefreshBackStateFooter.m; sourceTree = "<group>"; };
		7C8A47AB229E8D2200099032 /* MJRefreshBackNormalFooter.m */ = {isa = PBXFileReference; fileEncoding = 4; lastKnownFileType = sourcecode.c.objc; path = MJRefreshBackNormalFooter.m; sourceTree = "<group>"; };
		7C8A47AD229E8D2200099032 /* MJRefreshAutoStateFooter.h */ = {isa = PBXFileReference; fileEncoding = 4; lastKnownFileType = sourcecode.c.h; path = MJRefreshAutoStateFooter.h; sourceTree = "<group>"; };
		7C8A47AE229E8D2200099032 /* MJRefreshAutoNormalFooter.h */ = {isa = PBXFileReference; fileEncoding = 4; lastKnownFileType = sourcecode.c.h; path = MJRefreshAutoNormalFooter.h; sourceTree = "<group>"; };
		7C8A47AF229E8D2200099032 /* MJRefreshAutoGifFooter.h */ = {isa = PBXFileReference; fileEncoding = 4; lastKnownFileType = sourcecode.c.h; path = MJRefreshAutoGifFooter.h; sourceTree = "<group>"; };
		7C8A47B0229E8D2200099032 /* MJRefreshAutoStateFooter.m */ = {isa = PBXFileReference; fileEncoding = 4; lastKnownFileType = sourcecode.c.objc; path = MJRefreshAutoStateFooter.m; sourceTree = "<group>"; };
		7C8A47B1229E8D2200099032 /* MJRefreshAutoGifFooter.m */ = {isa = PBXFileReference; fileEncoding = 4; lastKnownFileType = sourcecode.c.objc; path = MJRefreshAutoGifFooter.m; sourceTree = "<group>"; };
		7C8A47B2229E8D2200099032 /* MJRefreshAutoNormalFooter.m */ = {isa = PBXFileReference; fileEncoding = 4; lastKnownFileType = sourcecode.c.objc; path = MJRefreshAutoNormalFooter.m; sourceTree = "<group>"; };
		7C8A47B4229E8D2200099032 /* MJRefreshNormalHeader.m */ = {isa = PBXFileReference; fileEncoding = 4; lastKnownFileType = sourcecode.c.objc; path = MJRefreshNormalHeader.m; sourceTree = "<group>"; };
		7C8A47B5229E8D2200099032 /* MJRefreshStateHeader.h */ = {isa = PBXFileReference; fileEncoding = 4; lastKnownFileType = sourcecode.c.h; path = MJRefreshStateHeader.h; sourceTree = "<group>"; };
		7C8A47B6229E8D2200099032 /* MJRefreshGifHeader.h */ = {isa = PBXFileReference; fileEncoding = 4; lastKnownFileType = sourcecode.c.h; path = MJRefreshGifHeader.h; sourceTree = "<group>"; };
		7C8A47B7229E8D2200099032 /* MJRefreshNormalHeader.h */ = {isa = PBXFileReference; fileEncoding = 4; lastKnownFileType = sourcecode.c.h; path = MJRefreshNormalHeader.h; sourceTree = "<group>"; };
		7C8A47B8229E8D2200099032 /* MJRefreshStateHeader.m */ = {isa = PBXFileReference; fileEncoding = 4; lastKnownFileType = sourcecode.c.objc; path = MJRefreshStateHeader.m; sourceTree = "<group>"; };
		7C8A47B9229E8D2200099032 /* MJRefreshGifHeader.m */ = {isa = PBXFileReference; fileEncoding = 4; lastKnownFileType = sourcecode.c.objc; path = MJRefreshGifHeader.m; sourceTree = "<group>"; };
		7C8A47BB229E8D2200099032 /* MJRefreshFooter.m */ = {isa = PBXFileReference; fileEncoding = 4; lastKnownFileType = sourcecode.c.objc; path = MJRefreshFooter.m; sourceTree = "<group>"; };
		7C8A47BC229E8D2200099032 /* MJRefreshComponent.h */ = {isa = PBXFileReference; fileEncoding = 4; lastKnownFileType = sourcecode.c.h; path = MJRefreshComponent.h; sourceTree = "<group>"; };
		7C8A47BD229E8D2200099032 /* MJRefreshHeader.m */ = {isa = PBXFileReference; fileEncoding = 4; lastKnownFileType = sourcecode.c.objc; path = MJRefreshHeader.m; sourceTree = "<group>"; };
		7C8A47BE229E8D2200099032 /* MJRefreshAutoFooter.h */ = {isa = PBXFileReference; fileEncoding = 4; lastKnownFileType = sourcecode.c.h; path = MJRefreshAutoFooter.h; sourceTree = "<group>"; };
		7C8A47BF229E8D2200099032 /* MJRefreshBackFooter.m */ = {isa = PBXFileReference; fileEncoding = 4; lastKnownFileType = sourcecode.c.objc; path = MJRefreshBackFooter.m; sourceTree = "<group>"; };
		7C8A47C0229E8D2200099032 /* MJRefreshAutoFooter.m */ = {isa = PBXFileReference; fileEncoding = 4; lastKnownFileType = sourcecode.c.objc; path = MJRefreshAutoFooter.m; sourceTree = "<group>"; };
		7C8A47C1229E8D2200099032 /* MJRefreshHeader.h */ = {isa = PBXFileReference; fileEncoding = 4; lastKnownFileType = sourcecode.c.h; path = MJRefreshHeader.h; sourceTree = "<group>"; };
		7C8A47C2229E8D2200099032 /* MJRefreshComponent.m */ = {isa = PBXFileReference; fileEncoding = 4; lastKnownFileType = sourcecode.c.objc; path = MJRefreshComponent.m; sourceTree = "<group>"; };
		7C8A47C3229E8D2200099032 /* MJRefreshFooter.h */ = {isa = PBXFileReference; fileEncoding = 4; lastKnownFileType = sourcecode.c.h; path = MJRefreshFooter.h; sourceTree = "<group>"; };
		7C8A47C4229E8D2200099032 /* MJRefreshBackFooter.h */ = {isa = PBXFileReference; fileEncoding = 4; lastKnownFileType = sourcecode.c.h; path = MJRefreshBackFooter.h; sourceTree = "<group>"; };
		7C8A47D9229E8D5F00099032 /* ZFPlayer.xcodeproj */ = {isa = PBXFileReference; lastKnownFileType = "wrapper.pb-project"; name = ZFPlayer.xcodeproj; path = ../ZFPlayer.xcodeproj; sourceTree = "<group>"; };
		7CF017B6236842EE0015F335 /* ZFTableViewCellLayout.m */ = {isa = PBXFileReference; fileEncoding = 4; lastKnownFileType = sourcecode.c.objc; path = ZFTableViewCellLayout.m; sourceTree = "<group>"; };
		7CF017B7236842EE0015F335 /* NSString+Size.h */ = {isa = PBXFileReference; fileEncoding = 4; lastKnownFileType = sourcecode.c.h; path = "NSString+Size.h"; sourceTree = "<group>"; };
		7CF017B8236842EE0015F335 /* ZFTableViewCellLayout.h */ = {isa = PBXFileReference; fileEncoding = 4; lastKnownFileType = sourcecode.c.h; path = ZFTableViewCellLayout.h; sourceTree = "<group>"; };
		7CF017B9236842EE0015F335 /* NSString+Size.m */ = {isa = PBXFileReference; fileEncoding = 4; lastKnownFileType = sourcecode.c.objc; path = "NSString+Size.m"; sourceTree = "<group>"; };
		7CF017BB236842EE0015F335 /* ZFNotAutoPlayViewController.h */ = {isa = PBXFileReference; fileEncoding = 4; lastKnownFileType = sourcecode.c.h; path = ZFNotAutoPlayViewController.h; sourceTree = "<group>"; };
		7CF017BC236842EE0015F335 /* ZFLightTableViewController.m */ = {isa = PBXFileReference; fileEncoding = 4; lastKnownFileType = sourcecode.c.objc; path = ZFLightTableViewController.m; sourceTree = "<group>"; };
		7CF017BD236842EE0015F335 /* ZFTableHeaderViewController.h */ = {isa = PBXFileReference; fileEncoding = 4; lastKnownFileType = sourcecode.c.h; path = ZFTableHeaderViewController.h; sourceTree = "<group>"; };
		7CF017BE236842EE0015F335 /* ZFAutoPlayerViewController.h */ = {isa = PBXFileReference; fileEncoding = 4; lastKnownFileType = sourcecode.c.h; path = ZFAutoPlayerViewController.h; sourceTree = "<group>"; };
		7CF017BF236842EE0015F335 /* ZFPlayerDetailViewController.m */ = {isa = PBXFileReference; fileEncoding = 4; lastKnownFileType = sourcecode.c.objc; path = ZFPlayerDetailViewController.m; sourceTree = "<group>"; };
		7CF017C0236842EE0015F335 /* ZFDouYinViewController.m */ = {isa = PBXFileReference; fileEncoding = 4; lastKnownFileType = sourcecode.c.objc; path = ZFDouYinViewController.m; sourceTree = "<group>"; };
		7CF017C1236842EE0015F335 /* ZFMixViewController.h */ = {isa = PBXFileReference; fileEncoding = 4; lastKnownFileType = sourcecode.c.h; path = ZFMixViewController.h; sourceTree = "<group>"; };
		7CF017C2236842EE0015F335 /* ZFSmallPlayViewController.m */ = {isa = PBXFileReference; fileEncoding = 4; lastKnownFileType = sourcecode.c.objc; path = ZFSmallPlayViewController.m; sourceTree = "<group>"; };
		7CF017C3236842EE0015F335 /* ZFLightTableViewController.h */ = {isa = PBXFileReference; fileEncoding = 4; lastKnownFileType = sourcecode.c.h; path = ZFLightTableViewController.h; sourceTree = "<group>"; };
		7CF017C4236842EE0015F335 /* ZFNotAutoPlayViewController.m */ = {isa = PBXFileReference; fileEncoding = 4; lastKnownFileType = sourcecode.c.objc; path = ZFNotAutoPlayViewController.m; sourceTree = "<group>"; };
		7CF017C5236842EE0015F335 /* ZFPlayerDetailViewController.h */ = {isa = PBXFileReference; fileEncoding = 4; lastKnownFileType = sourcecode.c.h; path = ZFPlayerDetailViewController.h; sourceTree = "<group>"; };
		7CF017C6236842EE0015F335 /* ZFAutoPlayerViewController.m */ = {isa = PBXFileReference; fileEncoding = 4; lastKnownFileType = sourcecode.c.objc; path = ZFAutoPlayerViewController.m; sourceTree = "<group>"; };
		7CF017C7236842EE0015F335 /* ZFTableHeaderViewController.m */ = {isa = PBXFileReference; fileEncoding = 4; lastKnownFileType = sourcecode.c.objc; path = ZFTableHeaderViewController.m; sourceTree = "<group>"; };
		7CF017C8236842EE0015F335 /* ZFDouYinViewController.h */ = {isa = PBXFileReference; fileEncoding = 4; lastKnownFileType = sourcecode.c.h; path = ZFDouYinViewController.h; sourceTree = "<group>"; };
		7CF017C9236842EE0015F335 /* ZFSmallPlayViewController.h */ = {isa = PBXFileReference; fileEncoding = 4; lastKnownFileType = sourcecode.c.h; path = ZFSmallPlayViewController.h; sourceTree = "<group>"; };
		7CF017CA236842EE0015F335 /* ZFMixViewController.m */ = {isa = PBXFileReference; fileEncoding = 4; lastKnownFileType = sourcecode.c.objc; path = ZFMixViewController.m; sourceTree = "<group>"; };
		7CF017CC236842EE0015F335 /* ZFTableData.m */ = {isa = PBXFileReference; fileEncoding = 4; lastKnownFileType = sourcecode.c.objc; path = ZFTableData.m; sourceTree = "<group>"; };
		7CF017CD236842EE0015F335 /* data.json */ = {isa = PBXFileReference; fileEncoding = 4; lastKnownFileType = text.json; path = data.json; sourceTree = "<group>"; };
		7CF017CE236842EE0015F335 /* ZFTableData.h */ = {isa = PBXFileReference; fileEncoding = 4; lastKnownFileType = sourcecode.c.h; path = ZFTableData.h; sourceTree = "<group>"; };
		7CF017D0236842EE0015F335 /* ZFDouYinCell.m */ = {isa = PBXFileReference; fileEncoding = 4; lastKnownFileType = sourcecode.c.objc; path = ZFDouYinCell.m; sourceTree = "<group>"; };
		7CF017D1236842EE0015F335 /* ZFTableViewCell.m */ = {isa = PBXFileReference; fileEncoding = 4; lastKnownFileType = sourcecode.c.objc; path = ZFTableViewCell.m; sourceTree = "<group>"; };
		7CF017D2236842EE0015F335 /* ZFOtherCell.h */ = {isa = PBXFileReference; fileEncoding = 4; lastKnownFileType = sourcecode.c.h; path = ZFOtherCell.h; sourceTree = "<group>"; };
		7CF017D3236842EE0015F335 /* ZFTableHeaderView.h */ = {isa = PBXFileReference; fileEncoding = 4; lastKnownFileType = sourcecode.c.h; path = ZFTableHeaderView.h; sourceTree = "<group>"; };
		7CF017D4236842EE0015F335 /* ZFDouYinControlView.h */ = {isa = PBXFileReference; fileEncoding = 4; lastKnownFileType = sourcecode.c.h; path = ZFDouYinControlView.h; sourceTree = "<group>"; };
		7CF017D5236842EE0015F335 /* ZFADControlView.h */ = {isa = PBXFileReference; fileEncoding = 4; lastKnownFileType = sourcecode.c.h; path = ZFADControlView.h; sourceTree = "<group>"; };
		7CF017D6236842EE0015F335 /* ZFDouYinCell.h */ = {isa = PBXFileReference; fileEncoding = 4; lastKnownFileType = sourcecode.c.h; path = ZFDouYinCell.h; sourceTree = "<group>"; };
		7CF017D7236842EE0015F335 /* ZFOtherCell.m */ = {isa = PBXFileReference; fileEncoding = 4; lastKnownFileType = sourcecode.c.objc; path = ZFOtherCell.m; sourceTree = "<group>"; };
		7CF017D8236842EE0015F335 /* ZFTableViewCell.h */ = {isa = PBXFileReference; fileEncoding = 4; lastKnownFileType = sourcecode.c.h; path = ZFTableViewCell.h; sourceTree = "<group>"; };
		7CF017D9236842EE0015F335 /* ZFTableHeaderView.m */ = {isa = PBXFileReference; fileEncoding = 4; lastKnownFileType = sourcecode.c.objc; path = ZFTableHeaderView.m; sourceTree = "<group>"; };
		7CF017DA236842EE0015F335 /* ZFADControlView.m */ = {isa = PBXFileReference; fileEncoding = 4; lastKnownFileType = sourcecode.c.objc; path = ZFADControlView.m; sourceTree = "<group>"; };
		7CF017DB236842EE0015F335 /* ZFDouYinControlView.m */ = {isa = PBXFileReference; fileEncoding = 4; lastKnownFileType = sourcecode.c.objc; path = ZFDouYinControlView.m; sourceTree = "<group>"; };
		7CF017DD236842EE0015F335 /* ZFNoramlViewController.m */ = {isa = PBXFileReference; fileEncoding = 4; lastKnownFileType = sourcecode.c.objc; path = ZFNoramlViewController.m; sourceTree = "<group>"; };
		7CF017DE236842EE0015F335 /* ZFNoramlViewController.h */ = {isa = PBXFileReference; fileEncoding = 4; lastKnownFileType = sourcecode.c.h; path = ZFNoramlViewController.h; sourceTree = "<group>"; };
		7CF017E1236842EE0015F335 /* ZFDouyinCollectionViewController.h */ = {isa = PBXFileReference; fileEncoding = 4; lastKnownFileType = sourcecode.c.h; path = ZFDouyinCollectionViewController.h; sourceTree = "<group>"; };
		7CF017E2236842EE0015F335 /* ZFHorizontalCollectionViewController.m */ = {isa = PBXFileReference; fileEncoding = 4; lastKnownFileType = sourcecode.c.objc; path = ZFHorizontalCollectionViewController.m; sourceTree = "<group>"; };
		7CF017E3236842EE0015F335 /* ZFCollectionViewListController.h */ = {isa = PBXFileReference; fileEncoding = 4; lastKnownFileType = sourcecode.c.h; path = ZFCollectionViewListController.h; sourceTree = "<group>"; };
		7CF017E4236842EE0015F335 /* ZFCollectionViewController.m */ = {isa = PBXFileReference; fileEncoding = 4; lastKnownFileType = sourcecode.c.objc; path = ZFCollectionViewController.m; sourceTree = "<group>"; };
		7CF017E5236842EE0015F335 /* ZFHorizontalCollectionViewController.h */ = {isa = PBXFileReference; fileEncoding = 4; lastKnownFileType = sourcecode.c.h; path = ZFHorizontalCollectionViewController.h; sourceTree = "<group>"; };
		7CF017E6236842EE0015F335 /* ZFCollectionViewListController.m */ = {isa = PBXFileReference; fileEncoding = 4; lastKnownFileType = sourcecode.c.objc; path = ZFCollectionViewListController.m; sourceTree = "<group>"; };
		7CF017E7236842EE0015F335 /* ZFDouyinCollectionViewController.m */ = {isa = PBXFileReference; fileEncoding = 4; lastKnownFileType = sourcecode.c.objc; path = ZFDouyinCollectionViewController.m; sourceTree = "<group>"; };
		7CF017E8236842EE0015F335 /* ZFCollectionViewController.h */ = {isa = PBXFileReference; fileEncoding = 4; lastKnownFileType = sourcecode.c.h; path = ZFCollectionViewController.h; sourceTree = "<group>"; };
		7CF017EA236842EE0015F335 /* ZFDouyinCollectionViewCell.m */ = {isa = PBXFileReference; fileEncoding = 4; lastKnownFileType = sourcecode.c.objc; path = ZFDouyinCollectionViewCell.m; sourceTree = "<group>"; };
		7CF017EB236842EE0015F335 /* ZFCollectionViewCell.m */ = {isa = PBXFileReference; fileEncoding = 4; lastKnownFileType = sourcecode.c.objc; path = ZFCollectionViewCell.m; sourceTree = "<group>"; };
		7CF017EC236842EE0015F335 /* ZFDouyinCollectionViewCell.h */ = {isa = PBXFileReference; fileEncoding = 4; lastKnownFileType = sourcecode.c.h; path = ZFDouyinCollectionViewCell.h; sourceTree = "<group>"; };
		7CF017ED236842EE0015F335 /* ZFCollectionViewCell.h */ = {isa = PBXFileReference; fileEncoding = 4; lastKnownFileType = sourcecode.c.h; path = ZFCollectionViewCell.h; sourceTree = "<group>"; };
		7CF017EF236842EE0015F335 /* ZFViewController.h */ = {isa = PBXFileReference; fileEncoding = 4; lastKnownFileType = sourcecode.c.h; path = ZFViewController.h; sourceTree = "<group>"; };
		7CF017F0236842EE0015F335 /* ZFTableSectionModel.h */ = {isa = PBXFileReference; fileEncoding = 4; lastKnownFileType = sourcecode.c.h; path = ZFTableSectionModel.h; sourceTree = "<group>"; };
		7CF017F1236842EE0015F335 /* ZFViewController.m */ = {isa = PBXFileReference; fileEncoding = 4; lastKnownFileType = sourcecode.c.objc; path = ZFViewController.m; sourceTree = "<group>"; };
		7CF017F2236842EE0015F335 /* ZFTableSectionModel.m */ = {isa = PBXFileReference; fileEncoding = 4; lastKnownFileType = sourcecode.c.objc; path = ZFTableSectionModel.m; sourceTree = "<group>"; };
		7CF017F4236842EE0015F335 /* ZFFullScreenViewController.m */ = {isa = PBXFileReference; fileEncoding = 4; lastKnownFileType = sourcecode.c.objc; path = ZFFullScreenViewController.m; sourceTree = "<group>"; };
		7CF017F5236842EE0015F335 /* ZFFullScreenViewController.h */ = {isa = PBXFileReference; fileEncoding = 4; lastKnownFileType = sourcecode.c.h; path = ZFFullScreenViewController.h; sourceTree = "<group>"; };
		7CF017F7236842EE0015F335 /* ZFADViewController.m */ = {isa = PBXFileReference; fileEncoding = 4; lastKnownFileType = sourcecode.c.objc; path = ZFADViewController.m; sourceTree = "<group>"; };
		7CF017F8236842EE0015F335 /* ZFADViewController.h */ = {isa = PBXFileReference; fileEncoding = 4; lastKnownFileType = sourcecode.c.h; path = ZFADViewController.h; sourceTree = "<group>"; };
		7CF017FB236842EE0015F335 /* ZFKeyboardViewController.m */ = {isa = PBXFileReference; fileEncoding = 4; lastKnownFileType = sourcecode.c.objc; path = ZFKeyboardViewController.m; sourceTree = "<group>"; };
		7CF017FC236842EE0015F335 /* ZFKeyboardViewController.h */ = {isa = PBXFileReference; fileEncoding = 4; lastKnownFileType = sourcecode.c.h; path = ZFKeyboardViewController.h; sourceTree = "<group>"; };
		7CF017FE236842EE0015F335 /* ZFRotationViewController.xib */ = {isa = PBXFileReference; fileEncoding = 4; lastKnownFileType = file.xib; path = ZFRotationViewController.xib; sourceTree = "<group>"; };
		7CF017FF236842EE0015F335 /* ZFRotationViewController.m */ = {isa = PBXFileReference; fileEncoding = 4; lastKnownFileType = sourcecode.c.objc; path = ZFRotationViewController.m; sourceTree = "<group>"; };
		7CF01800236842EE0015F335 /* ZFRotationViewController.h */ = {isa = PBXFileReference; fileEncoding = 4; lastKnownFileType = sourcecode.c.h; path = ZFRotationViewController.h; sourceTree = "<group>"; };
		7CF01802236842EE0015F335 /* ZFScrollViewViewController.h */ = {isa = PBXFileReference; fileEncoding = 4; lastKnownFileType = sourcecode.c.h; path = ZFScrollViewViewController.h; sourceTree = "<group>"; };
		7CF01803236842EE0015F335 /* ZFScrollViewViewController.m */ = {isa = PBXFileReference; fileEncoding = 4; lastKnownFileType = sourcecode.c.objc; path = ZFScrollViewViewController.m; sourceTree = "<group>"; };
		7CF01806236842EE0015F335 /* ZFCustomControlViewViewController.h */ = {isa = PBXFileReference; fileEncoding = 4; lastKnownFileType = sourcecode.c.h; path = ZFCustomControlViewViewController.h; sourceTree = "<group>"; };
		7CF01807236842EE0015F335 /* ZFCustomControlViewViewController.m */ = {isa = PBXFileReference; fileEncoding = 4; lastKnownFileType = sourcecode.c.objc; path = ZFCustomControlViewViewController.m; sourceTree = "<group>"; };
		7CF01809236842EE0015F335 /* ZFCustomControlView1.m */ = {isa = PBXFileReference; fileEncoding = 4; lastKnownFileType = sourcecode.c.objc; path = ZFCustomControlView1.m; sourceTree = "<group>"; };
		7CF0180A236842EE0015F335 /* ZFCustomControlView1.h */ = {isa = PBXFileReference; fileEncoding = 4; lastKnownFileType = sourcecode.c.h; path = ZFCustomControlView1.h; sourceTree = "<group>"; };
		873B8AEA1B1F5CCA007FD442 /* Main.storyboard */ = {isa = PBXFileReference; fileEncoding = 4; lastKnownFileType = file.storyboard; name = Main.storyboard; path = Base.lproj/Main.storyboard; sourceTree = "<group>"; };
		D24FA683221FD54B0010A2A2 /* libc++.tbd */ = {isa = PBXFileReference; lastKnownFileType = "sourcecode.text-based-dylib-definition"; name = "libc++.tbd"; path = "usr/lib/libc++.tbd"; sourceTree = SDKROOT; };
		D24FA685221FD56A0010A2A2 /* libz.tbd */ = {isa = PBXFileReference; lastKnownFileType = "sourcecode.text-based-dylib-definition"; name = libz.tbd; path = usr/lib/libz.tbd; sourceTree = SDKROOT; };
		D24FA687221FD5770010A2A2 /* libiconv.tbd */ = {isa = PBXFileReference; lastKnownFileType = "sourcecode.text-based-dylib-definition"; name = libiconv.tbd; path = usr/lib/libiconv.tbd; sourceTree = SDKROOT; };
		D24FA689221FD5800010A2A2 /* libbz2.tbd */ = {isa = PBXFileReference; lastKnownFileType = "sourcecode.text-based-dylib-definition"; name = libbz2.tbd; path = usr/lib/libbz2.tbd; sourceTree = SDKROOT; };
		D24FA68B221FD5C70010A2A2 /* VideoToolbox.framework */ = {isa = PBXFileReference; lastKnownFileType = wrapper.framework; name = VideoToolbox.framework; path = System/Library/Frameworks/VideoToolbox.framework; sourceTree = SDKROOT; };
/* End PBXFileReference section */

/* Begin PBXFrameworksBuildPhase section */
		6003F587195388D20070C39A /* Frameworks */ = {
			isa = PBXFrameworksBuildPhase;
			buildActionMask = 2147483647;
			files = (
				6003F590195388D20070C39A /* CoreGraphics.framework in Frameworks */,
				6003F592195388D20070C39A /* UIKit.framework in Frameworks */,
				6003F58E195388D20070C39A /* Foundation.framework in Frameworks */,
				7C8A47DF229E8D7D00099032 /* ZFPlayer.framework in Frameworks */,
			);
			runOnlyForDeploymentPostprocessing = 0;
		};
/* End PBXFrameworksBuildPhase section */

/* Begin PBXGroup section */
		6003F581195388D10070C39A = {
			isa = PBXGroup;
			children = (
				7C8A47D9229E8D5F00099032 /* ZFPlayer.xcodeproj */,
				60FF7A9C1954A5C5007DD14C /* Podspec Metadata */,
				6003F593195388D20070C39A /* Example for ZFPlayer */,
				6003F58C195388D20070C39A /* Frameworks */,
				6003F58B195388D20070C39A /* Products */,
				E3FD7B3AA53BD2041778220B /* Pods */,
			);
			sourceTree = "<group>";
		};
		6003F58B195388D20070C39A /* Products */ = {
			isa = PBXGroup;
			children = (
				6003F58A195388D20070C39A /* ZFPlayer_Example.app */,
			);
			name = Products;
			sourceTree = "<group>";
		};
		6003F58C195388D20070C39A /* Frameworks */ = {
			isa = PBXGroup;
			children = (
				D24FA68B221FD5C70010A2A2 /* VideoToolbox.framework */,
				D24FA689221FD5800010A2A2 /* libbz2.tbd */,
				D24FA687221FD5770010A2A2 /* libiconv.tbd */,
				D24FA685221FD56A0010A2A2 /* libz.tbd */,
				D24FA683221FD54B0010A2A2 /* libc++.tbd */,
				6003F58D195388D20070C39A /* Foundation.framework */,
				6003F58F195388D20070C39A /* CoreGraphics.framework */,
				6003F591195388D20070C39A /* UIKit.framework */,
				6003F5AF195388D20070C39A /* XCTest.framework */,
				33764A6C5440702A1511A383 /* Pods_ZFPlayer_Tests.framework */,
			);
			name = Frameworks;
			sourceTree = "<group>";
		};
		6003F593195388D20070C39A /* Example for ZFPlayer */ = {
			isa = PBXGroup;
			children = (
				7CF017DF236842EE0015F335 /* CollectionView */,
				7CF01804236842EE0015F335 /* CustomControlView */,
				7CF017F3236842EE0015F335 /* FullScreenViewController */,
				7CF017EE236842EE0015F335 /* Main */,
				7CF017DC236842EE0015F335 /* Normal */,
				7CF017F6236842EE0015F335 /* Other */,
				7CF017F9236842EE0015F335 /* Rotation */,
				7CF01801236842EE0015F335 /* ScrollView */,
				7CF017B4236842EE0015F335 /* TableView */,
				6003F59C195388D20070C39A /* ZFAppDelegate.h */,
				6003F59D195388D20070C39A /* ZFAppDelegate.m */,
				873B8AEA1B1F5CCA007FD442 /* Main.storyboard */,
				71719F9D1E33DC2100824A3D /* LaunchScreen.storyboard */,
				6003F5A8195388D20070C39A /* Images.xcassets */,
				6003F594195388D20070C39A /* Supporting Files */,
			);
			name = "Example for ZFPlayer";
			path = ZFPlayer;
			sourceTree = "<group>";
		};
		6003F594195388D20070C39A /* Supporting Files */ = {
			isa = PBXGroup;
			children = (
				6003F595195388D20070C39A /* ZFPlayer-Info.plist */,
				6003F596195388D20070C39A /* InfoPlist.strings */,
				6003F599195388D20070C39A /* main.m */,
				6003F59B195388D20070C39A /* ZFPlayer-Prefix.pch */,
			);
			name = "Supporting Files";
			sourceTree = "<group>";
		};
		60FF7A9C1954A5C5007DD14C /* Podspec Metadata */ = {
			isa = PBXGroup;
			children = (
				7C874D8D2F27E9CDA21BC642 /* ZFPlayer.podspec */,
				359925C5989084AB9F6D488A /* README.md */,
				0040F8EE0D7B4F3A7F8AB74C /* LICENSE */,
			);
			name = "Podspec Metadata";
			sourceTree = "<group>";
		};
		7C8A4792229E8D1A00099032 /* FDFullscreenPopGesture */ = {
			isa = PBXGroup;
			children = (
				7C8A4793229E8D1A00099032 /* UINavigationController+FDFullscreenPopGesture.h */,
				7C8A4794229E8D1A00099032 /* UINavigationController+FDFullscreenPopGesture.m */,
			);
			name = FDFullscreenPopGesture;
			path = Pods/FDFullscreenPopGesture/FDFullscreenPopGesture;
			sourceTree = "<group>";
		};
		7C8A4796229E8D2200099032 /* MJRefresh */ = {
			isa = PBXGroup;
			children = (
				7C8A4797229E8D2200099032 /* UIScrollView+MJRefresh.m */,
				7C8A4798229E8D2200099032 /* MJRefreshConst.m */,
				7C8A4799229E8D2200099032 /* UIScrollView+MJExtension.h */,
				7C8A479A229E8D2200099032 /* MJRefresh.h */,
				7C8A479B229E8D2200099032 /* NSBundle+MJRefresh.h */,
				7C8A479C229E8D2200099032 /* MJRefresh.bundle */,
				7C8A479D229E8D2200099032 /* UIView+MJExtension.h */,
				7C8A479E229E8D2200099032 /* UIScrollView+MJExtension.m */,
				7C8A479F229E8D2200099032 /* MJRefreshConst.h */,
				7C8A47A0229E8D2200099032 /* UIScrollView+MJRefresh.h */,
				7C8A47A1229E8D2200099032 /* NSBundle+MJRefresh.m */,
				7C8A47A2229E8D2200099032 /* UIView+MJExtension.m */,
				7C8A47A3229E8D2200099032 /* Custom */,
				7C8A47BA229E8D2200099032 /* Base */,
			);
			name = MJRefresh;
			path = Pods/MJRefresh/MJRefresh;
			sourceTree = "<group>";
		};
		7C8A47A3229E8D2200099032 /* Custom */ = {
			isa = PBXGroup;
			children = (
				7C8A47A4229E8D2200099032 /* Footer */,
				7C8A47B3229E8D2200099032 /* Header */,
			);
			path = Custom;
			sourceTree = "<group>";
		};
		7C8A47A4229E8D2200099032 /* Footer */ = {
			isa = PBXGroup;
			children = (
				7C8A47A5229E8D2200099032 /* Back */,
				7C8A47AC229E8D2200099032 /* Auto */,
			);
			path = Footer;
			sourceTree = "<group>";
		};
		7C8A47A5229E8D2200099032 /* Back */ = {
			isa = PBXGroup;
			children = (
				7C8A47A6229E8D2200099032 /* MJRefreshBackGifFooter.h */,
				7C8A47A7229E8D2200099032 /* MJRefreshBackStateFooter.h */,
				7C8A47A8229E8D2200099032 /* MJRefreshBackNormalFooter.h */,
				7C8A47A9229E8D2200099032 /* MJRefreshBackGifFooter.m */,
				7C8A47AA229E8D2200099032 /* MJRefreshBackStateFooter.m */,
				7C8A47AB229E8D2200099032 /* MJRefreshBackNormalFooter.m */,
			);
			path = Back;
			sourceTree = "<group>";
		};
		7C8A47AC229E8D2200099032 /* Auto */ = {
			isa = PBXGroup;
			children = (
				7C8A47AD229E8D2200099032 /* MJRefreshAutoStateFooter.h */,
				7C8A47AE229E8D2200099032 /* MJRefreshAutoNormalFooter.h */,
				7C8A47AF229E8D2200099032 /* MJRefreshAutoGifFooter.h */,
				7C8A47B0229E8D2200099032 /* MJRefreshAutoStateFooter.m */,
				7C8A47B1229E8D2200099032 /* MJRefreshAutoGifFooter.m */,
				7C8A47B2229E8D2200099032 /* MJRefreshAutoNormalFooter.m */,
			);
			path = Auto;
			sourceTree = "<group>";
		};
		7C8A47B3229E8D2200099032 /* Header */ = {
			isa = PBXGroup;
			children = (
				7C8A47B4229E8D2200099032 /* MJRefreshNormalHeader.m */,
				7C8A47B5229E8D2200099032 /* MJRefreshStateHeader.h */,
				7C8A47B6229E8D2200099032 /* MJRefreshGifHeader.h */,
				7C8A47B7229E8D2200099032 /* MJRefreshNormalHeader.h */,
				7C8A47B8229E8D2200099032 /* MJRefreshStateHeader.m */,
				7C8A47B9229E8D2200099032 /* MJRefreshGifHeader.m */,
			);
			path = Header;
			sourceTree = "<group>";
		};
		7C8A47BA229E8D2200099032 /* Base */ = {
			isa = PBXGroup;
			children = (
				7C8A47BB229E8D2200099032 /* MJRefreshFooter.m */,
				7C8A47BC229E8D2200099032 /* MJRefreshComponent.h */,
				7C8A47BD229E8D2200099032 /* MJRefreshHeader.m */,
				7C8A47BE229E8D2200099032 /* MJRefreshAutoFooter.h */,
				7C8A47BF229E8D2200099032 /* MJRefreshBackFooter.m */,
				7C8A47C0229E8D2200099032 /* MJRefreshAutoFooter.m */,
				7C8A47C1229E8D2200099032 /* MJRefreshHeader.h */,
				7C8A47C2229E8D2200099032 /* MJRefreshComponent.m */,
				7C8A47C3229E8D2200099032 /* MJRefreshFooter.h */,
				7C8A47C4229E8D2200099032 /* MJRefreshBackFooter.h */,
			);
			path = Base;
			sourceTree = "<group>";
		};
		7C8A47DA229E8D5F00099032 /* Products */ = {
			isa = PBXGroup;
			children = (
				7C8A47DE229E8D5F00099032 /* ZFPlayer.framework */,
			);
			name = Products;
			sourceTree = "<group>";
		};
		7CF017B4236842EE0015F335 /* TableView */ = {
			isa = PBXGroup;
			children = (
				7CF017B5236842EE0015F335 /* Other */,
				7CF017BA236842EE0015F335 /* Controller */,
				7CF017CB236842EE0015F335 /* Model */,
				7CF017CF236842EE0015F335 /* View */,
			);
			path = TableView;
			sourceTree = "<group>";
		};
		7CF017B5236842EE0015F335 /* Other */ = {
			isa = PBXGroup;
			children = (
				7CF017B6236842EE0015F335 /* ZFTableViewCellLayout.m */,
				7CF017B7236842EE0015F335 /* NSString+Size.h */,
				7CF017B8236842EE0015F335 /* ZFTableViewCellLayout.h */,
				7CF017B9236842EE0015F335 /* NSString+Size.m */,
			);
			path = Other;
			sourceTree = "<group>";
		};
		7CF017BA236842EE0015F335 /* Controller */ = {
			isa = PBXGroup;
			children = (
				7CF017BB236842EE0015F335 /* ZFNotAutoPlayViewController.h */,
				7CF017BC236842EE0015F335 /* ZFLightTableViewController.m */,
				7CF017BD236842EE0015F335 /* ZFTableHeaderViewController.h */,
				7CF017BE236842EE0015F335 /* ZFAutoPlayerViewController.h */,
				7CF017BF236842EE0015F335 /* ZFPlayerDetailViewController.m */,
				7CF017C0236842EE0015F335 /* ZFDouYinViewController.m */,
				7CF017C1236842EE0015F335 /* ZFMixViewController.h */,
				7CF017C2236842EE0015F335 /* ZFSmallPlayViewController.m */,
				7CF017C3236842EE0015F335 /* ZFLightTableViewController.h */,
				7CF017C4236842EE0015F335 /* ZFNotAutoPlayViewController.m */,
				7CF017C5236842EE0015F335 /* ZFPlayerDetailViewController.h */,
				7CF017C6236842EE0015F335 /* ZFAutoPlayerViewController.m */,
				7CF017C7236842EE0015F335 /* ZFTableHeaderViewController.m */,
				7CF017C8236842EE0015F335 /* ZFDouYinViewController.h */,
				7CF017C9236842EE0015F335 /* ZFSmallPlayViewController.h */,
				7CF017CA236842EE0015F335 /* ZFMixViewController.m */,
			);
			path = Controller;
			sourceTree = "<group>";
		};
		7CF017CB236842EE0015F335 /* Model */ = {
			isa = PBXGroup;
			children = (
				7CF017CC236842EE0015F335 /* ZFTableData.m */,
				7CF017CD236842EE0015F335 /* data.json */,
				7CF017CE236842EE0015F335 /* ZFTableData.h */,
			);
			path = Model;
			sourceTree = "<group>";
		};
		7CF017CF236842EE0015F335 /* View */ = {
			isa = PBXGroup;
			children = (
				7CF017D0236842EE0015F335 /* ZFDouYinCell.m */,
				7CF017D1236842EE0015F335 /* ZFTableViewCell.m */,
				7CF017D2236842EE0015F335 /* ZFOtherCell.h */,
				7CF017D3236842EE0015F335 /* ZFTableHeaderView.h */,
				7CF017D4236842EE0015F335 /* ZFDouYinControlView.h */,
				7CF017D5236842EE0015F335 /* ZFADControlView.h */,
				7CF017D6236842EE0015F335 /* ZFDouYinCell.h */,
				7CF017D7236842EE0015F335 /* ZFOtherCell.m */,
				7CF017D8236842EE0015F335 /* ZFTableViewCell.h */,
				7CF017D9236842EE0015F335 /* ZFTableHeaderView.m */,
				7CF017DA236842EE0015F335 /* ZFADControlView.m */,
				7CF017DB236842EE0015F335 /* ZFDouYinControlView.m */,
			);
			path = View;
			sourceTree = "<group>";
		};
		7CF017DC236842EE0015F335 /* Normal */ = {
			isa = PBXGroup;
			children = (
				7CF017DD236842EE0015F335 /* ZFNoramlViewController.m */,
				7CF017DE236842EE0015F335 /* ZFNoramlViewController.h */,
			);
			path = Normal;
			sourceTree = "<group>";
		};
		7CF017DF236842EE0015F335 /* CollectionView */ = {
			isa = PBXGroup;
			children = (
				7CF017E0236842EE0015F335 /* Controller */,
				7CF017E9236842EE0015F335 /* View */,
			);
			path = CollectionView;
			sourceTree = "<group>";
		};
		7CF017E0236842EE0015F335 /* Controller */ = {
			isa = PBXGroup;
			children = (
				7CF017E1236842EE0015F335 /* ZFDouyinCollectionViewController.h */,
				7CF017E2236842EE0015F335 /* ZFHorizontalCollectionViewController.m */,
				7CF017E3236842EE0015F335 /* ZFCollectionViewListController.h */,
				7CF017E4236842EE0015F335 /* ZFCollectionViewController.m */,
				7CF017E5236842EE0015F335 /* ZFHorizontalCollectionViewController.h */,
				7CF017E6236842EE0015F335 /* ZFCollectionViewListController.m */,
				7CF017E7236842EE0015F335 /* ZFDouyinCollectionViewController.m */,
				7CF017E8236842EE0015F335 /* ZFCollectionViewController.h */,
			);
			path = Controller;
			sourceTree = "<group>";
		};
		7CF017E9236842EE0015F335 /* View */ = {
			isa = PBXGroup;
			children = (
				7CF017EA236842EE0015F335 /* ZFDouyinCollectionViewCell.m */,
				7CF017EB236842EE0015F335 /* ZFCollectionViewCell.m */,
				7CF017EC236842EE0015F335 /* ZFDouyinCollectionViewCell.h */,
				7CF017ED236842EE0015F335 /* ZFCollectionViewCell.h */,
			);
			path = View;
			sourceTree = "<group>";
		};
		7CF017EE236842EE0015F335 /* Main */ = {
			isa = PBXGroup;
			children = (
				7CF017EF236842EE0015F335 /* ZFViewController.h */,
				7CF017F0236842EE0015F335 /* ZFTableSectionModel.h */,
				7CF017F1236842EE0015F335 /* ZFViewController.m */,
				7CF017F2236842EE0015F335 /* ZFTableSectionModel.m */,
			);
			path = Main;
			sourceTree = "<group>";
		};
		7CF017F3236842EE0015F335 /* FullScreenViewController */ = {
			isa = PBXGroup;
			children = (
				7CF017F4236842EE0015F335 /* ZFFullScreenViewController.m */,
				7CF017F5236842EE0015F335 /* ZFFullScreenViewController.h */,
			);
			path = FullScreenViewController;
			sourceTree = "<group>";
		};
		7CF017F6236842EE0015F335 /* Other */ = {
			isa = PBXGroup;
			children = (
				7CF017F7236842EE0015F335 /* ZFADViewController.m */,
				7CF017F8236842EE0015F335 /* ZFADViewController.h */,
			);
			path = Other;
			sourceTree = "<group>";
		};
		7CF017F9236842EE0015F335 /* Rotation */ = {
			isa = PBXGroup;
			children = (
				7CF017FA236842EE0015F335 /* Keyboard */,
				7CF017FD236842EE0015F335 /* RotationVC */,
			);
			path = Rotation;
			sourceTree = "<group>";
		};
		7CF017FA236842EE0015F335 /* Keyboard */ = {
			isa = PBXGroup;
			children = (
				7CF017FB236842EE0015F335 /* ZFKeyboardViewController.m */,
				7CF017FC236842EE0015F335 /* ZFKeyboardViewController.h */,
			);
			path = Keyboard;
			sourceTree = "<group>";
		};
		7CF017FD236842EE0015F335 /* RotationVC */ = {
			isa = PBXGroup;
			children = (
				7CF017FE236842EE0015F335 /* ZFRotationViewController.xib */,
				7CF017FF236842EE0015F335 /* ZFRotationViewController.m */,
				7CF01800236842EE0015F335 /* ZFRotationViewController.h */,
			);
			path = RotationVC;
			sourceTree = "<group>";
		};
		7CF01801236842EE0015F335 /* ScrollView */ = {
			isa = PBXGroup;
			children = (
				7CF01802236842EE0015F335 /* ZFScrollViewViewController.h */,
				7CF01803236842EE0015F335 /* ZFScrollViewViewController.m */,
			);
			path = ScrollView;
			sourceTree = "<group>";
		};
		7CF01804236842EE0015F335 /* CustomControlView */ = {
			isa = PBXGroup;
			children = (
				7CF01805236842EE0015F335 /* Controller */,
				7CF01808236842EE0015F335 /* View */,
			);
			path = CustomControlView;
			sourceTree = "<group>";
		};
		7CF01805236842EE0015F335 /* Controller */ = {
			isa = PBXGroup;
			children = (
				7CF01806236842EE0015F335 /* ZFCustomControlViewViewController.h */,
				7CF01807236842EE0015F335 /* ZFCustomControlViewViewController.m */,
			);
			path = Controller;
			sourceTree = "<group>";
		};
		7CF01808236842EE0015F335 /* View */ = {
			isa = PBXGroup;
			children = (
				7CF01809236842EE0015F335 /* ZFCustomControlView1.m */,
				7CF0180A236842EE0015F335 /* ZFCustomControlView1.h */,
			);
			path = View;
			sourceTree = "<group>";
		};
		E3FD7B3AA53BD2041778220B /* Pods */ = {
			isa = PBXGroup;
			children = (
				7C8A4796229E8D2200099032 /* MJRefresh */,
				7C8A4792229E8D1A00099032 /* FDFullscreenPopGesture */,
			);
			name = Pods;
			sourceTree = "<group>";
		};
/* End PBXGroup section */

/* Begin PBXNativeTarget section */
		6003F589195388D20070C39A /* ZFPlayer_Example */ = {
			isa = PBXNativeTarget;
			buildConfigurationList = 6003F5BF195388D20070C39A /* Build configuration list for PBXNativeTarget "ZFPlayer_Example" */;
			buildPhases = (
				6003F586195388D20070C39A /* Sources */,
				6003F587195388D20070C39A /* Frameworks */,
				6003F588195388D20070C39A /* Resources */,
				7C8A47E3229E8D7D00099032 /* Embed Frameworks */,
			);
			buildRules = (
			);
			dependencies = (
				7C8A47E2229E8D7D00099032 /* PBXTargetDependency */,
			);
			name = ZFPlayer_Example;
			productName = ZFPlayer;
			productReference = 6003F58A195388D20070C39A /* ZFPlayer_Example.app */;
			productType = "com.apple.product-type.application";
		};
/* End PBXNativeTarget section */

/* Begin PBXProject section */
		6003F582195388D10070C39A /* Project object */ = {
			isa = PBXProject;
			attributes = {
				CLASSPREFIX = ZF;
				LastUpgradeCheck = 0720;
				ORGANIZATIONNAME = "紫枫";
				TargetAttributes = {
					6003F589195388D20070C39A = {
						DevelopmentTeam = W9968EY3J2;
						ProvisioningStyle = Automatic;
						SystemCapabilities = {
							com.apple.BackgroundModes = {
								enabled = 1;
							};
						};
					};
				};
			};
			buildConfigurationList = 6003F585195388D10070C39A /* Build configuration list for PBXProject "ZFPlayerCarthage" */;
			compatibilityVersion = "Xcode 3.2";
			developmentRegion = English;
			hasScannedForEncodings = 0;
			knownRegions = (
				English,
				en,
				Base,
			);
			mainGroup = 6003F581195388D10070C39A;
			productRefGroup = 6003F58B195388D20070C39A /* Products */;
			projectDirPath = "";
			projectReferences = (
				{
					ProductGroup = 7C8A47DA229E8D5F00099032 /* Products */;
					ProjectRef = 7C8A47D9229E8D5F00099032 /* ZFPlayer.xcodeproj */;
				},
			);
			projectRoot = "";
			targets = (
				6003F589195388D20070C39A /* ZFPlayer_Example */,
			);
		};
/* End PBXProject section */

/* Begin PBXReferenceProxy section */
		7C8A47DE229E8D5F00099032 /* ZFPlayer.framework */ = {
			isa = PBXReferenceProxy;
			fileType = wrapper.framework;
			path = ZFPlayer.framework;
			remoteRef = 7C8A47DD229E8D5F00099032 /* PBXContainerItemProxy */;
			sourceTree = BUILT_PRODUCTS_DIR;
		};
/* End PBXReferenceProxy section */

/* Begin PBXResourcesBuildPhase section */
		6003F588195388D20070C39A /* Resources */ = {
			isa = PBXResourcesBuildPhase;
			buildActionMask = 2147483647;
			files = (
				7CF01829236842EF0015F335 /* ZFRotationViewController.xib in Resources */,
				873B8AEB1B1F5CCA007FD442 /* Main.storyboard in Resources */,
				7CF01816236842EE0015F335 /* data.json in Resources */,
				71719F9F1E33DC2100824A3D /* LaunchScreen.storyboard in Resources */,
				7C8A47C7229E8D2200099032 /* MJRefresh.bundle in Resources */,
				6003F5A9195388D20070C39A /* Images.xcassets in Resources */,
				6003F598195388D20070C39A /* InfoPlist.strings in Resources */,
			);
			runOnlyForDeploymentPostprocessing = 0;
		};
/* End PBXResourcesBuildPhase section */

/* Begin PBXSourcesBuildPhase section */
		6003F586195388D20070C39A /* Sources */ = {
			isa = PBXSourcesBuildPhase;
			buildActionMask = 2147483647;
			files = (
				7CF01821236842EF0015F335 /* ZFDouyinCollectionViewController.m in Sources */,
				6003F59E195388D20070C39A /* ZFAppDelegate.m in Sources */,
				7C8A47D1229E8D2200099032 /* MJRefreshNormalHeader.m in Sources */,
				7CF0180E236842EE0015F335 /* ZFPlayerDetailViewController.m in Sources */,
				7C8A4795229E8D1A00099032 /* UINavigationController+FDFullscreenPopGesture.m in Sources */,
				7C8A47C5229E8D2200099032 /* UIScrollView+MJRefresh.m in Sources */,
				7CF0181B236842EF0015F335 /* ZFADControlView.m in Sources */,
				7CF01826236842EF0015F335 /* ZFFullScreenViewController.m in Sources */,
				7CF0182A236842EF0015F335 /* ZFRotationViewController.m in Sources */,
				7C8A47C9229E8D2200099032 /* NSBundle+MJRefresh.m in Sources */,
				7CF0181A236842EF0015F335 /* ZFTableHeaderView.m in Sources */,
				7CF01819236842EE0015F335 /* ZFOtherCell.m in Sources */,
				7CF01822236842EF0015F335 /* ZFDouyinCollectionViewCell.m in Sources */,
				7CF0182B236842EF0015F335 /* ZFScrollViewViewController.m in Sources */,
				7CF0182C236842EF0015F335 /* ZFCustomControlViewViewController.m in Sources */,
				7CF0180F236842EE0015F335 /* ZFDouYinViewController.m in Sources */,
				7C8A47D8229E8D2200099032 /* MJRefreshComponent.m in Sources */,
				7CF01815236842EE0015F335 /* ZFTableData.m in Sources */,
				7C8A47CF229E8D2200099032 /* MJRefreshAutoGifFooter.m in Sources */,
				7CF01820236842EF0015F335 /* ZFCollectionViewListController.m in Sources */,
				7C8A47CA229E8D2200099032 /* UIView+MJExtension.m in Sources */,
				7CF0180B236842EE0015F335 /* ZFTableViewCellLayout.m in Sources */,
				7C8A47CE229E8D2200099032 /* MJRefreshAutoStateFooter.m in Sources */,
				7CF01824236842EF0015F335 /* ZFViewController.m in Sources */,
				7C8A47D6229E8D2200099032 /* MJRefreshBackFooter.m in Sources */,
				7CF01823236842EF0015F335 /* ZFCollectionViewCell.m in Sources */,
				7C8A47CD229E8D2200099032 /* MJRefreshBackNormalFooter.m in Sources */,
				7CF0181E236842EF0015F335 /* ZFHorizontalCollectionViewController.m in Sources */,
				7C8A47D0229E8D2200099032 /* MJRefreshAutoNormalFooter.m in Sources */,
				7C8A47CB229E8D2200099032 /* MJRefreshBackGifFooter.m in Sources */,
				7C8A47D7229E8D2200099032 /* MJRefreshAutoFooter.m in Sources */,
				7CF01828236842EF0015F335 /* ZFKeyboardViewController.m in Sources */,
				7C8A47D3229E8D2200099032 /* MJRefreshGifHeader.m in Sources */,
				7CF0180D236842EE0015F335 /* ZFLightTableViewController.m in Sources */,
				7CF0180C236842EE0015F335 /* NSString+Size.m in Sources */,
				7CF01827236842EF0015F335 /* ZFADViewController.m in Sources */,
				7C8A47D2229E8D2200099032 /* MJRefreshStateHeader.m in Sources */,
				7C8A47CC229E8D2200099032 /* MJRefreshBackStateFooter.m in Sources */,
				7C8A47C6229E8D2200099032 /* MJRefreshConst.m in Sources */,
				7CF0181D236842EF0015F335 /* ZFNoramlViewController.m in Sources */,
				6003F59A195388D20070C39A /* main.m in Sources */,
				7CF0181F236842EF0015F335 /* ZFCollectionViewController.m in Sources */,
				7CF01812236842EE0015F335 /* ZFAutoPlayerViewController.m in Sources */,
				7CF0182D236842EF0015F335 /* ZFCustomControlView1.m in Sources */,
				7CF0181C236842EF0015F335 /* ZFDouYinControlView.m in Sources */,
				7CF01813236842EE0015F335 /* ZFTableHeaderViewController.m in Sources */,
				7CF01810236842EE0015F335 /* ZFSmallPlayViewController.m in Sources */,
				7C8A47C8229E8D2200099032 /* UIScrollView+MJExtension.m in Sources */,
				7CF01811236842EE0015F335 /* ZFNotAutoPlayViewController.m in Sources */,
				7CF01814236842EE0015F335 /* ZFMixViewController.m in Sources */,
				7CF01817236842EE0015F335 /* ZFDouYinCell.m in Sources */,
				7CF01818236842EE0015F335 /* ZFTableViewCell.m in Sources */,
				7C8A47D5229E8D2200099032 /* MJRefreshHeader.m in Sources */,
				7CF01825236842EF0015F335 /* ZFTableSectionModel.m in Sources */,
				7C8A47D4229E8D2200099032 /* MJRefreshFooter.m in Sources */,
			);
			runOnlyForDeploymentPostprocessing = 0;
		};
/* End PBXSourcesBuildPhase section */

/* Begin PBXTargetDependency section */
		7C8A47E2229E8D7D00099032 /* PBXTargetDependency */ = {
			isa = PBXTargetDependency;
			name = ZFPlayer;
			targetProxy = 7C8A47E1229E8D7D00099032 /* PBXContainerItemProxy */;
		};
/* End PBXTargetDependency section */

/* Begin PBXVariantGroup section */
		6003F596195388D20070C39A /* InfoPlist.strings */ = {
			isa = PBXVariantGroup;
			children = (
				6003F597195388D20070C39A /* en */,
			);
			name = InfoPlist.strings;
			sourceTree = "<group>";
		};
		71719F9D1E33DC2100824A3D /* LaunchScreen.storyboard */ = {
			isa = PBXVariantGroup;
			children = (
				71719F9E1E33DC2100824A3D /* Base */,
			);
			name = LaunchScreen.storyboard;
			sourceTree = "<group>";
		};
/* End PBXVariantGroup section */

/* Begin XCBuildConfiguration section */
		6003F5BD195388D20070C39A /* Debug */ = {
			isa = XCBuildConfiguration;
			buildSettings = {
				ALWAYS_SEARCH_USER_PATHS = NO;
				CLANG_CXX_LANGUAGE_STANDARD = "gnu++0x";
				CLANG_CXX_LIBRARY = "libc++";
				CLANG_ENABLE_MODULES = YES;
				CLANG_ENABLE_OBJC_ARC = YES;
				CLANG_WARN_BOOL_CONVERSION = YES;
				CLANG_WARN_CONSTANT_CONVERSION = YES;
				CLANG_WARN_DIRECT_OBJC_ISA_USAGE = YES_ERROR;
				CLANG_WARN_EMPTY_BODY = YES;
				CLANG_WARN_ENUM_CONVERSION = YES;
				CLANG_WARN_INT_CONVERSION = YES;
				CLANG_WARN_OBJC_ROOT_CLASS = YES_ERROR;
				CLANG_WARN__DUPLICATE_METHOD_MATCH = YES;
				"CODE_SIGN_IDENTITY[sdk=iphoneos*]" = "iPhone Developer";
				COPY_PHASE_STRIP = NO;
				ENABLE_TESTABILITY = YES;
				GCC_C_LANGUAGE_STANDARD = gnu99;
				GCC_DYNAMIC_NO_PIC = NO;
				GCC_OPTIMIZATION_LEVEL = 0;
				GCC_PREPROCESSOR_DEFINITIONS = (
					"DEBUG=1",
					"$(inherited)",
				);
				GCC_SYMBOLS_PRIVATE_EXTERN = NO;
				GCC_WARN_64_TO_32_BIT_CONVERSION = YES;
				GCC_WARN_ABOUT_RETURN_TYPE = YES_ERROR;
				GCC_WARN_UNDECLARED_SELECTOR = YES;
				GCC_WARN_UNINITIALIZED_AUTOS = YES_AGGRESSIVE;
				GCC_WARN_UNUSED_FUNCTION = YES;
				GCC_WARN_UNUSED_VARIABLE = YES;
				IPHONEOS_DEPLOYMENT_TARGET = 9.3;
				ONLY_ACTIVE_ARCH = YES;
				SDKROOT = iphoneos;
				TARGETED_DEVICE_FAMILY = "1,2";
			};
			name = Debug;
		};
		6003F5BE195388D20070C39A /* Release */ = {
			isa = XCBuildConfiguration;
			buildSettings = {
				ALWAYS_SEARCH_USER_PATHS = NO;
				CLANG_CXX_LANGUAGE_STANDARD = "gnu++0x";
				CLANG_CXX_LIBRARY = "libc++";
				CLANG_ENABLE_MODULES = YES;
				CLANG_ENABLE_OBJC_ARC = YES;
				CLANG_WARN_BOOL_CONVERSION = YES;
				CLANG_WARN_CONSTANT_CONVERSION = YES;
				CLANG_WARN_DIRECT_OBJC_ISA_USAGE = YES_ERROR;
				CLANG_WARN_EMPTY_BODY = YES;
				CLANG_WARN_ENUM_CONVERSION = YES;
				CLANG_WARN_INT_CONVERSION = YES;
				CLANG_WARN_OBJC_ROOT_CLASS = YES_ERROR;
				CLANG_WARN__DUPLICATE_METHOD_MATCH = YES;
				"CODE_SIGN_IDENTITY[sdk=iphoneos*]" = "iPhone Developer";
				COPY_PHASE_STRIP = YES;
				ENABLE_NS_ASSERTIONS = NO;
				GCC_C_LANGUAGE_STANDARD = gnu99;
				GCC_WARN_64_TO_32_BIT_CONVERSION = YES;
				GCC_WARN_ABOUT_RETURN_TYPE = YES_ERROR;
				GCC_WARN_UNDECLARED_SELECTOR = YES;
				GCC_WARN_UNINITIALIZED_AUTOS = YES_AGGRESSIVE;
				GCC_WARN_UNUSED_FUNCTION = YES;
				GCC_WARN_UNUSED_VARIABLE = YES;
				IPHONEOS_DEPLOYMENT_TARGET = 9.3;
				SDKROOT = iphoneos;
				TARGETED_DEVICE_FAMILY = "1,2";
				VALIDATE_PRODUCT = YES;
			};
			name = Release;
		};
		6003F5C0195388D20070C39A /* Debug */ = {
			isa = XCBuildConfiguration;
			buildSettings = {
				ASSETCATALOG_COMPILER_APPICON_NAME = AppIcon;
				CODE_SIGN_IDENTITY = "iPhone Developer";
				CODE_SIGN_STYLE = Automatic;
				DEFINES_MODULE = NO;
				DEVELOPMENT_TEAM = W9968EY3J2;
				FRAMEWORK_SEARCH_PATHS = (
					"$(inherited)",
					"$(PROJECT_DIR)/ZFPlayer",
				);
				GCC_PRECOMPILE_PREFIX_HEADER = YES;
				GCC_PREFIX_HEADER = "ZFPlayer/ZFPlayer-Prefix.pch";
				INFOPLIST_FILE = "ZFPlayer/ZFPlayer-Info.plist";
				IPHONEOS_DEPLOYMENT_TARGET = 8.0;
				LD_RUNPATH_SEARCH_PATHS = "$(inherited) @executable_path/Frameworks";
				MODULEMAP_FILE = "";
				MODULE_NAME = ExampleApp;
				PRODUCT_BUNDLE_IDENTIFIER = org.cocoapods.demo.ZFPlayer;
				PRODUCT_NAME = "$(TARGET_NAME)";
				PROVISIONING_PROFILE_SPECIFIER = "";
				WRAPPER_EXTENSION = app;
			};
			name = Debug;
		};
		6003F5C1195388D20070C39A /* Release */ = {
			isa = XCBuildConfiguration;
			buildSettings = {
				ASSETCATALOG_COMPILER_APPICON_NAME = AppIcon;
				CODE_SIGN_IDENTITY = "iPhone Developer";
				CODE_SIGN_STYLE = Automatic;
				DEFINES_MODULE = NO;
				DEVELOPMENT_TEAM = W9968EY3J2;
				FRAMEWORK_SEARCH_PATHS = (
					"$(inherited)",
					"$(PROJECT_DIR)/ZFPlayer",
				);
				GCC_PRECOMPILE_PREFIX_HEADER = YES;
				GCC_PREFIX_HEADER = "ZFPlayer/ZFPlayer-Prefix.pch";
				INFOPLIST_FILE = "ZFPlayer/ZFPlayer-Info.plist";
				IPHONEOS_DEPLOYMENT_TARGET = 8.0;
				LD_RUNPATH_SEARCH_PATHS = "$(inherited) @executable_path/Frameworks";
				MODULEMAP_FILE = "";
				MODULE_NAME = ExampleApp;
				PRODUCT_BUNDLE_IDENTIFIER = org.cocoapods.demo.ZFPlayer;
				PRODUCT_NAME = "$(TARGET_NAME)";
				PROVISIONING_PROFILE_SPECIFIER = "";
				WRAPPER_EXTENSION = app;
			};
			name = Release;
		};
/* End XCBuildConfiguration section */

/* Begin XCConfigurationList section */
		6003F585195388D10070C39A /* Build configuration list for PBXProject "ZFPlayerCarthage" */ = {
			isa = XCConfigurationList;
			buildConfigurations = (
				6003F5BD195388D20070C39A /* Debug */,
				6003F5BE195388D20070C39A /* Release */,
			);
			defaultConfigurationIsVisible = 0;
			defaultConfigurationName = Release;
		};
		6003F5BF195388D20070C39A /* Build configuration list for PBXNativeTarget "ZFPlayer_Example" */ = {
			isa = XCConfigurationList;
			buildConfigurations = (
				6003F5C0195388D20070C39A /* Debug */,
				6003F5C1195388D20070C39A /* Release */,
			);
			defaultConfigurationIsVisible = 0;
			defaultConfigurationName = Release;
		};
/* End XCConfigurationList section */
	};
	rootObject = 6003F582195388D10070C39A /* Project object */;
}
